
Microsoft Visual Studio Solution File, Format Version 12.00
# Visual Studio 15
VisualStudioVersion = 15.0.27428.1
MinimumVisualStudioVersion = 10.0.40219.1
Project("{8BC9CEB8-8B4A-11D0-8D11-00A0C91BC942}") = "Directx11", "Directx11.vcxproj", "{790EEEC3-7101-44F1-96CA-107921D93EEF}"
EndProject
Project("{8BC9CEB8-8B4A-11D0-8D11-00A0C91BC942}") = "DirectXTK_Desktop_2017_Win10", "DirectXTK\DirectXTK_Desktop_2017_Win10.vcxproj", "{E0B52AE7-E160-4D32-BF3F-910B785E5A8E}"
EndProject
Project("{8BC9CEB8-8B4A-11D0-8D11-00A0C91BC942}") = "Effects11", "FX11\Effects11_2017_Win10.vcxproj", "{DF460EAB-570D-4B50-9089-2E2FC801BF38}"
EndProject
Global
	GlobalSection(SolutionConfigurationPlatforms) = preSolution
		Debug|x64 = Debug|x64
		Debug|x86 = Debug|x86
		Profile|x64 = Profile|x64
		Profile|x86 = Profile|x86
		Release|x64 = Release|x64
		Release|x86 = Release|x86
	EndGlobalSection
	GlobalSection(ProjectConfigurationPlatforms) = postSolution
		{790EEEC3-7101-44F1-96CA-107921D93EEF}.Debug|x64.ActiveCfg = Debug|x64
		{790EEEC3-7101-44F1-96CA-107921D93EEF}.Debug|x64.Build.0 = Debug|x64
		{790EEEC3-7101-44F1-96CA-107921D93EEF}.Debug|x86.ActiveCfg = Debug|Win32
		{790EEEC3-7101-44F1-96CA-107921D93EEF}.Debug|x86.Build.0 = Debug|Win32
		{790EEEC3-7101-44F1-96CA-107921D93EEF}.Profile|x64.ActiveCfg = Release|x64
		{790EEEC3-7101-44F1-96CA-107921D93EEF}.Profile|x64.Build.0 = Release|x64
		{790EEEC3-7101-44F1-96CA-107921D93EEF}.Profile|x86.ActiveCfg = Release|Win32
		{790EEEC3-7101-44F1-96CA-107921D93EEF}.Profile|x86.Build.0 = Release|Win32
		{790EEEC3-7101-44F1-96CA-107921D93EEF}.Release|x64.ActiveCfg = Release|x64
		{790EEEC3-7101-44F1-96CA-107921D93EEF}.Release|x64.Build.0 = Release|x64
		{790EEEC3-7101-44F1-96CA-107921D93EEF}.Release|x86.ActiveCfg = Release|Win32
		{790EEEC3-7101-44F1-96CA-107921D93EEF}.Release|x86.Build.0 = Release|Win32
		{E0B52AE7-E160-4D32-BF3F-910B785E5A8E}.Debug|x64.ActiveCfg = Debug|x64
		{E0B52AE7-E160-4D32-BF3F-910B785E5A8E}.Debug|x64.Build.0 = Debug|x64
		{E0B52AE7-E160-4D32-BF3F-910B785E5A8E}.Debug|x86.ActiveCfg = Debug|Win32
		{E0B52AE7-E160-4D32-BF3F-910B785E5A8E}.Debug|x86.Build.0 = Debug|Win32
		{E0B52AE7-E160-4D32-BF3F-910B785E5A8E}.Profile|x64.ActiveCfg = Release|x64
		{E0B52AE7-E160-4D32-BF3F-910B785E5A8E}.Profile|x64.Build.0 = Release|x64
		{E0B52AE7-E160-4D32-BF3F-910B785E5A8E}.Profile|x86.ActiveCfg = Release|Win32
		{E0B52AE7-E160-4D32-BF3F-910B785E5A8E}.Profile|x86.Build.0 = Release|Win32
		{E0B52AE7-E160-4D32-BF3F-910B785E5A8E}.Release|x64.ActiveCfg = Release|x64
		{E0B52AE7-E160-4D32-BF3F-910B785E5A8E}.Release|x64.Build.0 = Release|x64
		{E0B52AE7-E160-4D32-BF3F-910B785E5A8E}.Release|x86.ActiveCfg = Release|Win32
		{E0B52AE7-E160-4D32-BF3F-910B785E5A8E}.Release|x86.Build.0 = Release|Win32
		{DF460EAB-570D-4B50-9089-2E2FC801BF38}.Debug|x64.ActiveCfg = Debug|x64
		{DF460EAB-570D-4B50-9089-2E2FC801BF38}.Debug|x64.Build.0 = Debug|x64
		{DF460EAB-570D-4B50-9089-2E2FC801BF38}.Debug|x86.ActiveCfg = Debug|Win32
		{DF460EAB-570D-4B50-9089-2E2FC801BF38}.Debug|x86.Build.0 = Debug|Win32
		{DF460EAB-570D-4B50-9089-2E2FC801BF38}.Profile|x64.ActiveCfg = Profile|x64
		{DF460EAB-570D-4B50-9089-2E2FC801BF38}.Profile|x64.Build.0 = Profile|x64
		{DF460EAB-570D-4B50-9089-2E2FC801BF38}.Profile|x86.ActiveCfg = Profile|Win32
		{DF460EAB-570D-4B50-9089-2E2FC801BF38}.Profile|x86.Build.0 = Profile|Win32
		{DF460EAB-570D-4B50-9089-2E2FC801BF38}.Release|x64.ActiveCfg = Release|x64
		{DF460EAB-570D-4B50-9089-2E2FC801BF38}.Release|x64.Build.0 = Release|x64
		{DF460EAB-570D-4B50-9089-2E2FC801BF38}.Release|x86.ActiveCfg = Release|Win32
		{DF460EAB-570D-4B50-9089-2E2FC801BF38}.Release|x86.Build.0 = Release|Win32
	EndGlobalSection
	GlobalSection(SolutionProperties) = preSolution
		HideSolutionNode = FALSE
	EndGlobalSection
	GlobalSection(ExtensibilityGlobals) = postSolution
		SolutionGuid = {9973B952-761F-4BD9-91F1-39A72C25E2A7}
	EndGlobalSection
EndGlobal
